%{"certifi": {:hex, :certifi, "0.1.1"},
  "combine": {:hex, :combine, "0.5.3"},
  "hackney": {:hex, :hackney, "1.4.4"},
  "idna": {:hex, :idna, "1.0.2"},
  "mimerl": {:hex, :mimerl, "1.0.0"},
  "ssl_verify_hostname": {:hex, :ssl_verify_hostname, "1.0.5"},
  "timex": {:hex, :timex, "1.0.0-rc1"},
  "tzdata": {:hex, :tzdata, "0.5.4"}}
